github.com/fatih/color v0.0.0-20170926111411-5df930a27be2 h1:40J76vs1Y7oiHFqTrQHQ6A5u8vbXJdLaMkC9iHU/uMw=
github.com/fatih/color v0.0.0-20170926111411-5df930a27be2/go.mod h1:Zm6kSWBoL9eyXnKyktHP6abPY2pDugNf5KwzbycvMj4=
github.com/mattn/go-colorable v0.0.9 h1:UVL0vNpWh04HeJXV0KLcaT7r06gOH2l4OW6ddYRUIY4=
github.com/mattn/go-colorable v0.0.9/go.mod h1:9vuHe8Xs5qXnSaW/c/ABM9alt+Vo+STaOChaDxuIBZU=
github.com/mattn/go-isatty v0.0.3 h1:ns/ykhmWi7G9O+8a448SecJU3nSMBXJfqQkl0upE1jI=
github.com/mattn/go-isatty v0.0.3/go.mod h1:M+lRXTBqGeGNdLjl/ufCoiOlB5xdOkqRJdNxMWT7Zi4=
golang.org/x/crypto v0.0.0-20171113213409-9f005a07e0d3 h1:f4/ZD59VsBOaJmWeI2yqtHvJhmRRPzi73C88ZtfhAIk=
golang.org/x/crypto v0.0.0-20171113213409-9f005a07e0d3/go.mod h1:6SG95UA2DQfeDnfUPMdvaQW0Q7yPrPDi9nlGo2tz2b4=
golang.org/x/net v0.0.0-20171115151908-9dfe39835686 h1:fxZ+mPcFhowcPZdlXrTF3GFhWVr/3wZyXQ8xW8WYGLU=
golang.org/x/net v0.0.0-20171115151908-9dfe39835686/go.mod h1:mL1N/T3taQHkDXs73rZJwtUhF3w3ftmwwsq0BUmARs4=
golang.org/x/sys v0.0.0-20171114162044-bf42f188b9bc h1:pt5pMsz4A/sZRT17MOvX/nidmCt7n6ILLJBkNh5QqC8=
golang.org/x/sys v0.0.0-20171114162044-bf42f188b9bc/go.mod h1:STP8DvDyc/dI5b8T5hshtkjS+E42TnysNCUPdjciGhY=
